
Microsoft Visual Studio Solution File, Format Version 12.00
# Visual Studio 2013
VisualStudioVersion = 12.0.21005.1
MinimumVisualStudioVersion = 10.0.40219.1
Project("{FAE04EC0-301F-11D3-BF4B-00C04F79EFBC}") = "DuplexService", "DuplexService\DuplexService.csproj", "{2CB85A77-7B08-416D-8DCE-8C323FD54F56}"
EndProject
Project("{FAE04EC0-301F-11D3-BF4B-00C04F79EFBC}") = "HostDuplex", "HostDuplex\HostDuplex.csproj", "{1EC20E34-5611-41AF-B377-2B4D69C21C70}"
EndProject
Global
	GlobalSection(SolutionConfigurationPlatforms) = preSolution
		Debug|Any CPU = Debug|Any CPU
		Release|Any CPU = Release|Any CPU
	EndGlobalSection
	GlobalSection(ProjectConfigurationPlatforms) = postSolution
		{2CB85A77-7B08-416D-8DCE-8C323FD54F56}.Debug|Any CPU.ActiveCfg = Debug|Any CPU
		{2CB85A77-7B08-416D-8DCE-8C323FD54F56}.Debug|Any CPU.Build.0 = Debug|Any CPU
		{2CB85A77-7B08-416D-8DCE-8C323FD54F56}.Release|Any CPU.ActiveCfg = Release|Any CPU
		{2CB85A77-7B08-416D-8DCE-8C323FD54F56}.Release|Any CPU.Build.0 = Release|Any CPU
		{1EC20E34-5611-41AF-B377-2B4D69C21C70}.Debug|Any CPU.ActiveCfg = Debug|Any CPU
		{1EC20E34-5611-41AF-B377-2B4D69C21C70}.Debug|Any CPU.Build.0 = Debug|Any CPU
		{1EC20E34-5611-41AF-B377-2B4D69C21C70}.Release|Any CPU.ActiveCfg = Release|Any CPU
		{1EC20E34-5611-41AF-B377-2B4D69C21C70}.Release|Any CPU.Build.0 = Release|Any CPU
	EndGlobalSection
	GlobalSection(SolutionProperties) = preSolution
		HideSolutionNode = FALSE
	EndGlobalSection
EndGlobal
